
Microsoft Visual Studio Solution File, Format Version 12.00
# Visual Studio Version 17
VisualStudioVersion = 17.4.33110.190
MinimumVisualStudioVersion = 10.0.40219.1
Project("{FAE04EC0-301F-11D3-BF4B-00C04F79EFBC}") = "Genshin Impact ReShade Installer", "Genshin Impact ReShade Installer\Genshin Impact ReShade Installer.csproj", "{19B50EE8-F9E3-452A-AD88-989967196A6F}"
EndProject
Global
	GlobalSection(SolutionConfigurationPlatforms) = preSolution
		Debug|Any CPU = Debug|Any CPU
		Release|Any CPU = Release|Any CPU
	EndGlobalSection
	GlobalSection(ProjectConfigurationPlatforms) = postSolution
		{19B50EE8-F9E3-452A-AD88-989967196A6F}.Debug|Any CPU.ActiveCfg = Debug|Any CPU
		{19B50EE8-F9E3-452A-AD88-989967196A6F}.Debug|Any CPU.Build.0 = Debug|Any CPU
		{19B50EE8-F9E3-452A-AD88-989967196A6F}.Release|Any CPU.ActiveCfg = Release|Any CPU
		{19B50EE8-F9E3-452A-AD88-989967196A6F}.Release|Any CPU.Build.0 = Release|Any CPU
	EndGlobalSection
	GlobalSection(SolutionProperties) = preSolution
		HideSolutionNode = FALSE
	EndGlobalSection
	GlobalSection(ExtensibilityGlobals) = postSolution
		SolutionGuid = {ABE78B79-2B21-448E-A94E-7EA98297D668}
	EndGlobalSection
EndGlobal
